label: Text Block
fields:
  featured: 
    label: Featured?
    type: toggle
    width: 1/2
  caption:
    label: Caption
    type: text
    width: 1/2
    placeholder: Only appears when not featured.
  cta:
    label: Call to action
    type: textarea
    buttons:
      - link
    placeholder: Only appears when not featured.
  text:
    label: Text
    type: textarea
    buttons:
      - link
      